// !$*UTF8*$!
{
	archiveVersion = 1;
	classes = {
	};
	objectVersion = 56;
	objects = {

/* Begin PBXBuildFile section */
		34BFBDF32C96841900F6B1BA /* CSQLiteVec in Frameworks */ = {isa = PBXBuildFile; productRef = 34BFBDF22C96841900F6B1BA /* CSQLiteVec */; };
		34BFBDF52C96841900F6B1BA /* SQLiteVec in Frameworks */ = {isa = PBXBuildFile; productRef = 34BFBDF42C96841900F6B1BA /* SQLiteVec */; };
		34E6701C2C97188F00BD8DA8 /* QAEntryRepository.swift in Sources */ = {isa = PBXBuildFile; fileRef = 34E6701B2C97188F00BD8DA8 /* QAEntryRepository.swift */; };
		34E6701E2C9718EA00BD8DA8 /* QAEntry.swift in Sources */ = {isa = PBXBuildFile; fileRef = 34E6701D2C9718EA00BD8DA8 /* QAEntry.swift */; };
		34E670222C971A5C00BD8DA8 /* Message.swift in Sources */ = {isa = PBXBuildFile; fileRef = 34E670212C971A5C00BD8DA8 /* Message.swift */; };
		34E670272C972EC700BD8DA8 /* GetBotResponseUsecase.swift in Sources */ = {isa = PBXBuildFile; fileRef = 34E670262C972EC700BD8DA8 /* GetBotResponseUsecase.swift */; };
		34E670422C97C66D00BD8DA8 /* LocalQAEntryRepository.swift in Sources */ = {isa = PBXBuildFile; fileRef = 34E670412C97C66D00BD8DA8 /* LocalQAEntryRepository.swift */; };
		34E670442C97C81F00BD8DA8 /* Embedding.swift in Sources */ = {isa = PBXBuildFile; fileRef = 34E670432C97C81F00BD8DA8 /* Embedding.swift */; };
		34E670462C97CB2D00BD8DA8 /* EmbeddingService.swift in Sources */ = {isa = PBXBuildFile; fileRef = 34E670452C97CB2D00BD8DA8 /* EmbeddingService.swift */; };
		34E670482C97CB4500BD8DA8 /* AppleEmbeddingService.swift in Sources */ = {isa = PBXBuildFile; fileRef = 34E670472C97CB4500BD8DA8 /* AppleEmbeddingService.swift */; };
		34E6704A2C97DA2A00BD8DA8 /* LoadQAEntriesUseCase.swift in Sources */ = {isa = PBXBuildFile; fileRef = 34E670492C97DA2A00BD8DA8 /* LoadQAEntriesUseCase.swift */; };
		34E670502C9816A000BD8DA8 /* Yams in Frameworks */ = {isa = PBXBuildFile; productRef = 34E6704F2C9816A000BD8DA8 /* Yams */; };
		34E670522C98175600BD8DA8 /* demo.yaml in Resources */ = {isa = PBXBuildFile; fileRef = 34E670512C98175600BD8DA8 /* demo.yaml */; };
		34E670552C981D7A00BD8DA8 /* LoadFileService.swift in Sources */ = {isa = PBXBuildFile; fileRef = 34E670542C981D7A00BD8DA8 /* LoadFileService.swift */; };
		34E670572C981DF300BD8DA8 /* YamlLoadFileService.swift in Sources */ = {isa = PBXBuildFile; fileRef = 34E670562C981DF300BD8DA8 /* YamlLoadFileService.swift */; };
		BF2958AF2C94349B00413B2A /* AppDelegate.swift in Sources */ = {isa = PBXBuildFile; fileRef = BF2958AE2C94349B00413B2A /* AppDelegate.swift */; };
		BF2958B12C94349B00413B2A /* SceneDelegate.swift in Sources */ = {isa = PBXBuildFile; fileRef = BF2958B02C94349B00413B2A /* SceneDelegate.swift */; };
		BF2958B92C94349B00413B2A /* HackAichi2024.xcdatamodeld in Sources */ = {isa = PBXBuildFile; fileRef = BF2958B72C94349B00413B2A /* HackAichi2024.xcdatamodeld */; };
		BF2958BB2C94349D00413B2A /* Assets.xcassets in Resources */ = {isa = PBXBuildFile; fileRef = BF2958BA2C94349D00413B2A /* Assets.xcassets */; };
		BF2958BE2C94349D00413B2A /* LaunchScreen.storyboard in Resources */ = {isa = PBXBuildFile; fileRef = BF2958BC2C94349D00413B2A /* LaunchScreen.storyboard */; };
		BFC1EE752C96C1D8007E3A9B /* GoodBadButton.swift in Sources */ = {isa = PBXBuildFile; fileRef = BFC1EE742C96C1D8007E3A9B /* GoodBadButton.swift */; };
		BFC1EE7B2C96CD9D007E3A9B /* CharacterImageView.swift in Sources */ = {isa = PBXBuildFile; fileRef = BFC1EE7A2C96CD9D007E3A9B /* CharacterImageView.swift */; };
		BFC1EE7F2C9715CC007E3A9B /* TelMailButton.swift in Sources */ = {isa = PBXBuildFile; fileRef = BFC1EE7E2C9715CC007E3A9B /* TelMailButton.swift */; };
		BFC1EE9C2C9C1EB1007E3A9B /* MessageKit in Frameworks */ = {isa = PBXBuildFile; productRef = BFC1EE9B2C9C1EB1007E3A9B /* MessageKit */; };
		BFC1EEB42C9C7992007E3A9B /* ChatBotViewController.swift in Sources */ = {isa = PBXBuildFile; fileRef = BFC1EEB32C9C7992007E3A9B /* ChatBotViewController.swift */; };
/* End PBXBuildFile section */

/* Begin PBXFileReference section */
		34E6701B2C97188F00BD8DA8 /* QAEntryRepository.swift */ = {isa = PBXFileReference; lastKnownFileType = sourcecode.swift; path = QAEntryRepository.swift; sourceTree = "<group>"; };
		34E6701D2C9718EA00BD8DA8 /* QAEntry.swift */ = {isa = PBXFileReference; lastKnownFileType = sourcecode.swift; path = QAEntry.swift; sourceTree = "<group>"; };
		34E670212C971A5C00BD8DA8 /* Message.swift */ = {isa = PBXFileReference; lastKnownFileType = sourcecode.swift; path = Message.swift; sourceTree = "<group>"; };
		34E670262C972EC700BD8DA8 /* GetBotResponseUsecase.swift */ = {isa = PBXFileReference; lastKnownFileType = sourcecode.swift; path = GetBotResponseUsecase.swift; sourceTree = "<group>"; };
		34E670412C97C66D00BD8DA8 /* LocalQAEntryRepository.swift */ = {isa = PBXFileReference; lastKnownFileType = sourcecode.swift; path = LocalQAEntryRepository.swift; sourceTree = "<group>"; };
		34E670432C97C81F00BD8DA8 /* Embedding.swift */ = {isa = PBXFileReference; lastKnownFileType = sourcecode.swift; path = Embedding.swift; sourceTree = "<group>"; };
		34E670452C97CB2D00BD8DA8 /* EmbeddingService.swift */ = {isa = PBXFileReference; lastKnownFileType = sourcecode.swift; path = EmbeddingService.swift; sourceTree = "<group>"; };
		34E670472C97CB4500BD8DA8 /* AppleEmbeddingService.swift */ = {isa = PBXFileReference; lastKnownFileType = sourcecode.swift; path = AppleEmbeddingService.swift; sourceTree = "<group>"; };
		34E670492C97DA2A00BD8DA8 /* LoadQAEntriesUseCase.swift */ = {isa = PBXFileReference; lastKnownFileType = sourcecode.swift; path = LoadQAEntriesUseCase.swift; sourceTree = "<group>"; };
		34E670512C98175600BD8DA8 /* demo.yaml */ = {isa = PBXFileReference; fileEncoding = 4; lastKnownFileType = text.yaml; path = demo.yaml; sourceTree = "<group>"; };
		34E670542C981D7A00BD8DA8 /* LoadFileService.swift */ = {isa = PBXFileReference; lastKnownFileType = sourcecode.swift; path = LoadFileService.swift; sourceTree = "<group>"; };
		34E670562C981DF300BD8DA8 /* YamlLoadFileService.swift */ = {isa = PBXFileReference; lastKnownFileType = sourcecode.swift; path = YamlLoadFileService.swift; sourceTree = "<group>"; };
		BF2958AB2C94349B00413B2A /* HackAichi2024.app */ = {isa = PBXFileReference; explicitFileType = wrapper.application; includeInIndex = 0; path = HackAichi2024.app; sourceTree = BUILT_PRODUCTS_DIR; };
		BF2958AE2C94349B00413B2A /* AppDelegate.swift */ = {isa = PBXFileReference; lastKnownFileType = sourcecode.swift; path = AppDelegate.swift; sourceTree = "<group>"; };
		BF2958B02C94349B00413B2A /* SceneDelegate.swift */ = {isa = PBXFileReference; lastKnownFileType = sourcecode.swift; path = SceneDelegate.swift; sourceTree = "<group>"; };
		BF2958B82C94349B00413B2A /* HackAichi2024.xcdatamodel */ = {isa = PBXFileReference; lastKnownFileType = wrapper.xcdatamodel; path = HackAichi2024.xcdatamodel; sourceTree = "<group>"; };
		BF2958BA2C94349D00413B2A /* Assets.xcassets */ = {isa = PBXFileReference; lastKnownFileType = folder.assetcatalog; path = Assets.xcassets; sourceTree = "<group>"; };
		BF2958BD2C94349D00413B2A /* Base */ = {isa = PBXFileReference; lastKnownFileType = file.storyboard; name = Base; path = Base.lproj/LaunchScreen.storyboard; sourceTree = "<group>"; };
		BF2958BF2C94349D00413B2A /* Info.plist */ = {isa = PBXFileReference; lastKnownFileType = text.plist.xml; path = Info.plist; sourceTree = "<group>"; };
		BFC1EE742C96C1D8007E3A9B /* GoodBadButton.swift */ = {isa = PBXFileReference; lastKnownFileType = sourcecode.swift; path = GoodBadButton.swift; sourceTree = "<group>"; };
		BFC1EE7A2C96CD9D007E3A9B /* CharacterImageView.swift */ = {isa = PBXFileReference; lastKnownFileType = sourcecode.swift; path = CharacterImageView.swift; sourceTree = "<group>"; };
		BFC1EE7E2C9715CC007E3A9B /* TelMailButton.swift */ = {isa = PBXFileReference; lastKnownFileType = sourcecode.swift; path = TelMailButton.swift; sourceTree = "<group>"; };
		BFC1EEB32C9C7992007E3A9B /* ChatBotViewController.swift */ = {isa = PBXFileReference; lastKnownFileType = sourcecode.swift; path = ChatBotViewController.swift; sourceTree = "<group>"; };
/* End PBXFileReference section */

/* Begin PBXFrameworksBuildPhase section */
		BF2958A82C94349B00413B2A /* Frameworks */ = {
			isa = PBXFrameworksBuildPhase;
			buildActionMask = 2147483647;
			files = (
				34BFBDF32C96841900F6B1BA /* CSQLiteVec in Frameworks */,
				34E670502C9816A000BD8DA8 /* Yams in Frameworks */,
				34BFBDF52C96841900F6B1BA /* SQLiteVec in Frameworks */,
				BFC1EE9C2C9C1EB1007E3A9B /* MessageKit in Frameworks */,
			);
			runOnlyForDeploymentPostprocessing = 0;
		};
/* End PBXFrameworksBuildPhase section */

/* Begin PBXGroup section */
		34E6700F2C96C66100BD8DA8 /* Infra */ = {
			isa = PBXGroup;
			children = (
				34E670142C96DAD200BD8DA8 /* Api */,
				34E670102C96DA6F00BD8DA8 /* Domain */,
			);
			path = Infra;
			sourceTree = "<group>";
		};
		34E670102C96DA6F00BD8DA8 /* Domain */ = {
			isa = PBXGroup;
			children = (
				34E670122C96DAA900BD8DA8 /* Service */,
				34E670112C96DA9C00BD8DA8 /* Repository */,
			);
			path = Domain;
			sourceTree = "<group>";
		};
		34E670112C96DA9C00BD8DA8 /* Repository */ = {
			isa = PBXGroup;
			children = (
				34E670412C97C66D00BD8DA8 /* LocalQAEntryRepository.swift */,
			);
			path = Repository;
			sourceTree = "<group>";
		};
		34E670122C96DAA900BD8DA8 /* Service */ = {
			isa = PBXGroup;
			children = (
				34E670472C97CB4500BD8DA8 /* AppleEmbeddingService.swift */,
				34E670562C981DF300BD8DA8 /* YamlLoadFileService.swift */,
			);
			path = Service;
			sourceTree = "<group>";
		};
		34E670142C96DAD200BD8DA8 /* Api */ = {
			isa = PBXGroup;
			children = (
			);
			path = Api;
			sourceTree = "<group>";
		};
		34E670152C96DAEE00BD8DA8 /* Domain */ = {
			isa = PBXGroup;
			children = (
				34E670252C971C6A00BD8DA8 /* UseCase */,
				34E670182C96DB1C00BD8DA8 /* Service */,
				34E670172C96DB0D00BD8DA8 /* Repository */,
				34E670162C96DAFE00BD8DA8 /* Model */,
			);
			path = Domain;
			sourceTree = "<group>";
		};
		34E670162C96DAFE00BD8DA8 /* Model */ = {
			isa = PBXGroup;
			children = (
				34E6701D2C9718EA00BD8DA8 /* QAEntry.swift */,
				34E670212C971A5C00BD8DA8 /* Message.swift */,
				34E670432C97C81F00BD8DA8 /* Embedding.swift */,
			);
			path = Model;
			sourceTree = "<group>";
		};
		34E670172C96DB0D00BD8DA8 /* Repository */ = {
			isa = PBXGroup;
			children = (
				34E6701B2C97188F00BD8DA8 /* QAEntryRepository.swift */,
			);
			path = Repository;
			sourceTree = "<group>";
		};
		34E670182C96DB1C00BD8DA8 /* Service */ = {
			isa = PBXGroup;
			children = (
				34E670452C97CB2D00BD8DA8 /* EmbeddingService.swift */,
				34E670542C981D7A00BD8DA8 /* LoadFileService.swift */,
			);
			path = Service;
			sourceTree = "<group>";
		};
		34E670252C971C6A00BD8DA8 /* UseCase */ = {
			isa = PBXGroup;
			children = (
				34E670262C972EC700BD8DA8 /* GetBotResponseUsecase.swift */,
				34E670492C97DA2A00BD8DA8 /* LoadQAEntriesUseCase.swift */,
			);
			path = UseCase;
			sourceTree = "<group>";
		};
		34E6704B2C97FF3200BD8DA8 /* Sample */ = {
			isa = PBXGroup;
			children = (
				34E670512C98175600BD8DA8 /* demo.yaml */,
			);
			path = Sample;
			sourceTree = "<group>";
		};
		BF2958A22C94349B00413B2A = {
			isa = PBXGroup;
			children = (
				BF2958AD2C94349B00413B2A /* HackAichi2024 */,
				BF2958AC2C94349B00413B2A /* Products */,
			);
			sourceTree = "<group>";
		};
		BF2958AC2C94349B00413B2A /* Products */ = {
			isa = PBXGroup;
			children = (
				BF2958AB2C94349B00413B2A /* HackAichi2024.app */,
			);
			name = Products;
			sourceTree = "<group>";
		};
		BF2958AD2C94349B00413B2A /* HackAichi2024 */ = {
			isa = PBXGroup;
			children = (
				34E6704B2C97FF3200BD8DA8 /* Sample */,
				34E670152C96DAEE00BD8DA8 /* Domain */,
				34E6700F2C96C66100BD8DA8 /* Infra */,
				BF2958AE2C94349B00413B2A /* AppDelegate.swift */,
				BF2958B02C94349B00413B2A /* SceneDelegate.swift */,
				BFC1EE9D2C9C6732007E3A9B /* Controllers */,
				BFC1EE9E2C9C673C007E3A9B /* Views */,
				BF2958BA2C94349D00413B2A /* Assets.xcassets */,
				BF2958BC2C94349D00413B2A /* LaunchScreen.storyboard */,
				BF2958BF2C94349D00413B2A /* Info.plist */,
				BF2958B72C94349B00413B2A /* HackAichi2024.xcdatamodeld */,
			);
			path = HackAichi2024;
			sourceTree = "<group>";
		};
		BFC1EE9D2C9C6732007E3A9B /* Controllers */ = {
			isa = PBXGroup;
			children = (
				BFC1EEB32C9C7992007E3A9B /* ChatBotViewController.swift */,
			);
			path = Controllers;
			sourceTree = "<group>";
		};
		BFC1EE9E2C9C673C007E3A9B /* Views */ = {
			isa = PBXGroup;
			children = (
				BFC1EE7A2C96CD9D007E3A9B /* CharacterImageView.swift */,
				BFC1EE742C96C1D8007E3A9B /* GoodBadButton.swift */,
				BFC1EE7E2C9715CC007E3A9B /* TelMailButton.swift */,
			);
			path = Views;
			sourceTree = "<group>";
		};
/* End PBXGroup section */

/* Begin PBXNativeTarget section */
		BF2958AA2C94349B00413B2A /* HackAichi2024 */ = {
			isa = PBXNativeTarget;
			buildConfigurationList = BF2958C22C94349D00413B2A /* Build configuration list for PBXNativeTarget "HackAichi2024" */;
			buildPhases = (
				BF2958A72C94349B00413B2A /* Sources */,
				BF2958A82C94349B00413B2A /* Frameworks */,
				BF2958A92C94349B00413B2A /* Resources */,
			);
			buildRules = (
			);
			dependencies = (
			);
			name = HackAichi2024;
			packageProductDependencies = (
				34BFBDF22C96841900F6B1BA /* CSQLiteVec */,
				34BFBDF42C96841900F6B1BA /* SQLiteVec */,
				34E6704F2C9816A000BD8DA8 /* Yams */,
				BFC1EE9B2C9C1EB1007E3A9B /* MessageKit */,
			);
			productName = HackAichi2024;
			productReference = BF2958AB2C94349B00413B2A /* HackAichi2024.app */;
			productType = "com.apple.product-type.application";
		};
/* End PBXNativeTarget section */

/* Begin PBXProject section */
		BF2958A32C94349B00413B2A /* Project object */ = {
			isa = PBXProject;
			attributes = {
				BuildIndependentTargetsInParallel = 1;
				LastSwiftUpdateCheck = 1500;
				LastUpgradeCheck = 1500;
				TargetAttributes = {
					BF2958AA2C94349B00413B2A = {
						CreatedOnToolsVersion = 15.0;
					};
				};
			};
			buildConfigurationList = BF2958A62C94349B00413B2A /* Build configuration list for PBXProject "HackAichi2024" */;
			compatibilityVersion = "Xcode 14.0";
			developmentRegion = en;
			hasScannedForEncodings = 0;
			knownRegions = (
				en,
				Base,
			);
			mainGroup = BF2958A22C94349B00413B2A;
			packageReferences = (
				34BFBDF12C96841900F6B1BA /* XCRemoteSwiftPackageReference "SQLiteVec" */,
				34E6704E2C9816A000BD8DA8 /* XCRemoteSwiftPackageReference "Yams" */,
				BFC1EE9A2C9C1EB1007E3A9B /* XCRemoteSwiftPackageReference "MessageKit" */,
			);
			productRefGroup = BF2958AC2C94349B00413B2A /* Products */;
			projectDirPath = "";
			projectRoot = "";
			targets = (
				BF2958AA2C94349B00413B2A /* HackAichi2024 */,
			);
		};
/* End PBXProject section */

/* Begin PBXResourcesBuildPhase section */
		BF2958A92C94349B00413B2A /* Resources */ = {
			isa = PBXResourcesBuildPhase;
			buildActionMask = 2147483647;
			files = (
				BF2958BE2C94349D00413B2A /* LaunchScreen.storyboard in Resources */,
				34E670522C98175600BD8DA8 /* demo.yaml in Resources */,
				BF2958BB2C94349D00413B2A /* Assets.xcassets in Resources */,
			);
			runOnlyForDeploymentPostprocessing = 0;
		};
/* End PBXResourcesBuildPhase section */

/* Begin PBXSourcesBuildPhase section */
		BF2958A72C94349B00413B2A /* Sources */ = {
			isa = PBXSourcesBuildPhase;
			buildActionMask = 2147483647;
			files = (
				34E670482C97CB4500BD8DA8 /* AppleEmbeddingService.swift in Sources */,
				34E6701C2C97188F00BD8DA8 /* QAEntryRepository.swift in Sources */,
				BFC1EEB42C9C7992007E3A9B /* ChatBotViewController.swift in Sources */,
				34E6704A2C97DA2A00BD8DA8 /* LoadQAEntriesUseCase.swift in Sources */,
				34E670552C981D7A00BD8DA8 /* LoadFileService.swift in Sources */,
				34E670272C972EC700BD8DA8 /* GetBotResponseUsecase.swift in Sources */,
				BFC1EE752C96C1D8007E3A9B /* GoodBadButton.swift in Sources */,
				BF2958AF2C94349B00413B2A /* AppDelegate.swift in Sources */,
				34E670572C981DF300BD8DA8 /* YamlLoadFileService.swift in Sources */,
				BF2958B12C94349B00413B2A /* SceneDelegate.swift in Sources */,
				34E670422C97C66D00BD8DA8 /* LocalQAEntryRepository.swift in Sources */,
				34E670462C97CB2D00BD8DA8 /* EmbeddingService.swift in Sources */,
				34E670442C97C81F00BD8DA8 /* Embedding.swift in Sources */,
				34E670222C971A5C00BD8DA8 /* Message.swift in Sources */,
				BF2958B92C94349B00413B2A /* HackAichi2024.xcdatamodeld in Sources */,
				34E6701E2C9718EA00BD8DA8 /* QAEntry.swift in Sources */,
				BFC1EE7F2C9715CC007E3A9B /* TelMailButton.swift in Sources */,
				BF2958B92C94349B00413B2A /* HackAichi2024.xcdatamodeld in Sources */,
				BFC1EE7B2C96CD9D007E3A9B /* CharacterImageView.swift in Sources */,
			);
			runOnlyForDeploymentPostprocessing = 0;
		};
/* End PBXSourcesBuildPhase section */

/* Begin PBXVariantGroup section */
		BF2958BC2C94349D00413B2A /* LaunchScreen.storyboard */ = {
			isa = PBXVariantGroup;
			children = (
				BF2958BD2C94349D00413B2A /* Base */,
			);
			name = LaunchScreen.storyboard;
			sourceTree = "<group>";
		};
/* End PBXVariantGroup section */

/* Begin XCBuildConfiguration section */
		BF2958C02C94349D00413B2A /* Debug */ = {
			isa = XCBuildConfiguration;
			buildSettings = {
				ALWAYS_SEARCH_USER_PATHS = NO;
				ASSETCATALOG_COMPILER_GENERATE_SWIFT_ASSET_SYMBOL_EXTENSIONS = YES;
				CLANG_ANALYZER_NONNULL = YES;
				CLANG_ANALYZER_NUMBER_OBJECT_CONVERSION = YES_AGGRESSIVE;
				CLANG_CXX_LANGUAGE_STANDARD = "gnu++20";
				CLANG_ENABLE_MODULES = YES;
				CLANG_ENABLE_OBJC_ARC = YES;
				CLANG_ENABLE_OBJC_WEAK = YES;
				CLANG_WARN_BLOCK_CAPTURE_AUTORELEASING = YES;
				CLANG_WARN_BOOL_CONVERSION = YES;
				CLANG_WARN_COMMA = YES;
				CLANG_WARN_CONSTANT_CONVERSION = YES;
				CLANG_WARN_DEPRECATED_OBJC_IMPLEMENTATIONS = YES;
				CLANG_WARN_DIRECT_OBJC_ISA_USAGE = YES_ERROR;
				CLANG_WARN_DOCUMENTATION_COMMENTS = YES;
				CLANG_WARN_EMPTY_BODY = YES;
				CLANG_WARN_ENUM_CONVERSION = YES;
				CLANG_WARN_INFINITE_RECURSION = YES;
				CLANG_WARN_INT_CONVERSION = YES;
				CLANG_WARN_NON_LITERAL_NULL_CONVERSION = YES;
				CLANG_WARN_OBJC_IMPLICIT_RETAIN_SELF = YES;
				CLANG_WARN_OBJC_LITERAL_CONVERSION = YES;
				CLANG_WARN_OBJC_ROOT_CLASS = YES_ERROR;
				CLANG_WARN_QUOTED_INCLUDE_IN_FRAMEWORK_HEADER = YES;
				CLANG_WARN_RANGE_LOOP_ANALYSIS = YES;
				CLANG_WARN_STRICT_PROTOTYPES = YES;
				CLANG_WARN_SUSPICIOUS_MOVE = YES;
				CLANG_WARN_UNGUARDED_AVAILABILITY = YES_AGGRESSIVE;
				CLANG_WARN_UNREACHABLE_CODE = YES;
				CLANG_WARN__DUPLICATE_METHOD_MATCH = YES;
				COPY_PHASE_STRIP = NO;
				DEBUG_INFORMATION_FORMAT = dwarf;
				ENABLE_STRICT_OBJC_MSGSEND = YES;
				ENABLE_TESTABILITY = YES;
				ENABLE_USER_SCRIPT_SANDBOXING = YES;
				GCC_C_LANGUAGE_STANDARD = gnu17;
				GCC_DYNAMIC_NO_PIC = NO;
				GCC_NO_COMMON_BLOCKS = YES;
				GCC_OPTIMIZATION_LEVEL = 0;
				GCC_PREPROCESSOR_DEFINITIONS = (
					"DEBUG=1",
					"$(inherited)",
				);
				GCC_WARN_64_TO_32_BIT_CONVERSION = YES;
				GCC_WARN_ABOUT_RETURN_TYPE = YES_ERROR;
				GCC_WARN_UNDECLARED_SELECTOR = YES;
				GCC_WARN_UNINITIALIZED_AUTOS = YES_AGGRESSIVE;
				GCC_WARN_UNUSED_FUNCTION = YES;
				GCC_WARN_UNUSED_VARIABLE = YES;
				IPHONEOS_DEPLOYMENT_TARGET = 17.0;
				LOCALIZATION_PREFERS_STRING_CATALOGS = YES;
				MTL_ENABLE_DEBUG_INFO = INCLUDE_SOURCE;
				MTL_FAST_MATH = YES;
				ONLY_ACTIVE_ARCH = YES;
				SDKROOT = iphoneos;
				SWIFT_ACTIVE_COMPILATION_CONDITIONS = "DEBUG $(inherited)";
				SWIFT_OPTIMIZATION_LEVEL = "-Onone";
			};
			name = Debug;
		};
		BF2958C12C94349D00413B2A /* Release */ = {
			isa = XCBuildConfiguration;
			buildSettings = {
				ALWAYS_SEARCH_USER_PATHS = NO;
				ASSETCATALOG_COMPILER_GENERATE_SWIFT_ASSET_SYMBOL_EXTENSIONS = YES;
				CLANG_ANALYZER_NONNULL = YES;
				CLANG_ANALYZER_NUMBER_OBJECT_CONVERSION = YES_AGGRESSIVE;
				CLANG_CXX_LANGUAGE_STANDARD = "gnu++20";
				CLANG_ENABLE_MODULES = YES;
				CLANG_ENABLE_OBJC_ARC = YES;
				CLANG_ENABLE_OBJC_WEAK = YES;
				CLANG_WARN_BLOCK_CAPTURE_AUTORELEASING = YES;
				CLANG_WARN_BOOL_CONVERSION = YES;
				CLANG_WARN_COMMA = YES;
				CLANG_WARN_CONSTANT_CONVERSION = YES;
				CLANG_WARN_DEPRECATED_OBJC_IMPLEMENTATIONS = YES;
				CLANG_WARN_DIRECT_OBJC_ISA_USAGE = YES_ERROR;
				CLANG_WARN_DOCUMENTATION_COMMENTS = YES;
				CLANG_WARN_EMPTY_BODY = YES;
				CLANG_WARN_ENUM_CONVERSION = YES;
				CLANG_WARN_INFINITE_RECURSION = YES;
				CLANG_WARN_INT_CONVERSION = YES;
				CLANG_WARN_NON_LITERAL_NULL_CONVERSION = YES;
				CLANG_WARN_OBJC_IMPLICIT_RETAIN_SELF = YES;
				CLANG_WARN_OBJC_LITERAL_CONVERSION = YES;
				CLANG_WARN_OBJC_ROOT_CLASS = YES_ERROR;
				CLANG_WARN_QUOTED_INCLUDE_IN_FRAMEWORK_HEADER = YES;
				CLANG_WARN_RANGE_LOOP_ANALYSIS = YES;
				CLANG_WARN_STRICT_PROTOTYPES = YES;
				CLANG_WARN_SUSPICIOUS_MOVE = YES;
				CLANG_WARN_UNGUARDED_AVAILABILITY = YES_AGGRESSIVE;
				CLANG_WARN_UNREACHABLE_CODE = YES;
				CLANG_WARN__DUPLICATE_METHOD_MATCH = YES;
				COPY_PHASE_STRIP = NO;
				DEBUG_INFORMATION_FORMAT = "dwarf-with-dsym";
				ENABLE_NS_ASSERTIONS = NO;
				ENABLE_STRICT_OBJC_MSGSEND = YES;
				ENABLE_USER_SCRIPT_SANDBOXING = YES;
				GCC_C_LANGUAGE_STANDARD = gnu17;
				GCC_NO_COMMON_BLOCKS = YES;
				GCC_WARN_64_TO_32_BIT_CONVERSION = YES;
				GCC_WARN_ABOUT_RETURN_TYPE = YES_ERROR;
				GCC_WARN_UNDECLARED_SELECTOR = YES;
				GCC_WARN_UNINITIALIZED_AUTOS = YES_AGGRESSIVE;
				GCC_WARN_UNUSED_FUNCTION = YES;
				GCC_WARN_UNUSED_VARIABLE = YES;
				IPHONEOS_DEPLOYMENT_TARGET = 17.0;
				LOCALIZATION_PREFERS_STRING_CATALOGS = YES;
				MTL_ENABLE_DEBUG_INFO = NO;
				MTL_FAST_MATH = YES;
				SDKROOT = iphoneos;
				SWIFT_COMPILATION_MODE = wholemodule;
				VALIDATE_PRODUCT = YES;
			};
			name = Release;
		};
		BF2958C32C94349D00413B2A /* Debug */ = {
			isa = XCBuildConfiguration;
			buildSettings = {
				ASSETCATALOG_COMPILER_APPICON_NAME = AppIcon;
				ASSETCATALOG_COMPILER_GLOBAL_ACCENT_COLOR_NAME = AccentColor;
				CODE_SIGN_STYLE = Automatic;
				CURRENT_PROJECT_VERSION = 1;
				DEVELOPMENT_TEAM = 2PJ54JWDJZ;
				GENERATE_INFOPLIST_FILE = YES;
				INFOPLIST_FILE = HackAichi2024/Info.plist;
				INFOPLIST_KEY_UIApplicationSupportsIndirectInputEvents = YES;
				INFOPLIST_KEY_UILaunchStoryboardName = LaunchScreen;
				INFOPLIST_KEY_UISupportedInterfaceOrientations_iPad = "UIInterfaceOrientationPortrait UIInterfaceOrientationPortraitUpsideDown UIInterfaceOrientationLandscapeLeft UIInterfaceOrientationLandscapeRight";
				INFOPLIST_KEY_UISupportedInterfaceOrientations_iPhone = "UIInterfaceOrientationPortrait UIInterfaceOrientationLandscapeLeft UIInterfaceOrientationLandscapeRight";
				LD_RUNPATH_SEARCH_PATHS = (
					"$(inherited)",
					"@executable_path/Frameworks",
				);
				MARKETING_VERSION = 1.0;
				PRODUCT_BUNDLE_IDENTIFIER = g.exst.aom.j.HackAichi2024;
				PRODUCT_NAME = "$(TARGET_NAME)";
				SWIFT_EMIT_LOC_STRINGS = YES;
				SWIFT_VERSION = 5.0;
				TARGETED_DEVICE_FAMILY = "1,2";
			};
			name = Debug;
		};
		BF2958C42C94349D00413B2A /* Release */ = {
			isa = XCBuildConfiguration;
			buildSettings = {
				ASSETCATALOG_COMPILER_APPICON_NAME = AppIcon;
				ASSETCATALOG_COMPILER_GLOBAL_ACCENT_COLOR_NAME = AccentColor;
				CODE_SIGN_STYLE = Automatic;
				CURRENT_PROJECT_VERSION = 1;
				DEVELOPMENT_TEAM = 2PJ54JWDJZ;
				GENERATE_INFOPLIST_FILE = YES;
				INFOPLIST_FILE = HackAichi2024/Info.plist;
				INFOPLIST_KEY_UIApplicationSupportsIndirectInputEvents = YES;
				INFOPLIST_KEY_UILaunchStoryboardName = LaunchScreen;
				INFOPLIST_KEY_UISupportedInterfaceOrientations_iPad = "UIInterfaceOrientationPortrait UIInterfaceOrientationPortraitUpsideDown UIInterfaceOrientationLandscapeLeft UIInterfaceOrientationLandscapeRight";
				INFOPLIST_KEY_UISupportedInterfaceOrientations_iPhone = "UIInterfaceOrientationPortrait UIInterfaceOrientationLandscapeLeft UIInterfaceOrientationLandscapeRight";
				LD_RUNPATH_SEARCH_PATHS = (
					"$(inherited)",
					"@executable_path/Frameworks",
				);
				MARKETING_VERSION = 1.0;
				PRODUCT_BUNDLE_IDENTIFIER = g.exst.aom.j.HackAichi2024;
				PRODUCT_NAME = "$(TARGET_NAME)";
				SWIFT_EMIT_LOC_STRINGS = YES;
				SWIFT_VERSION = 5.0;
				TARGETED_DEVICE_FAMILY = "1,2";
			};
			name = Release;
		};
/* End XCBuildConfiguration section */

/* Begin XCConfigurationList section */
		BF2958A62C94349B00413B2A /* Build configuration list for PBXProject "HackAichi2024" */ = {
			isa = XCConfigurationList;
			buildConfigurations = (
				BF2958C02C94349D00413B2A /* Debug */,
				BF2958C12C94349D00413B2A /* Release */,
			);
			defaultConfigurationIsVisible = 0;
			defaultConfigurationName = Release;
		};
		BF2958C22C94349D00413B2A /* Build configuration list for PBXNativeTarget "HackAichi2024" */ = {
			isa = XCConfigurationList;
			buildConfigurations = (
				BF2958C32C94349D00413B2A /* Debug */,
				BF2958C42C94349D00413B2A /* Release */,
			);
			defaultConfigurationIsVisible = 0;
			defaultConfigurationName = Release;
		};
/* End XCConfigurationList section */

/* Begin XCRemoteSwiftPackageReference section */
		34BFBDF12C96841900F6B1BA /* XCRemoteSwiftPackageReference "SQLiteVec" */ = {
			isa = XCRemoteSwiftPackageReference;
			repositoryURL = "https://github.com/jkrukowski/SQLiteVec";
			requirement = {
				kind = exactVersion;
				version = 0.0.7;
			};
		};
		34E6704E2C9816A000BD8DA8 /* XCRemoteSwiftPackageReference "Yams" */ = {
			isa = XCRemoteSwiftPackageReference;
			repositoryURL = "https://github.com/jpsim/Yams.git";
			requirement = {
				kind = upToNextMajorVersion;
				minimumVersion = 5.1.3;
			};
		};
		BFC1EE9A2C9C1EB1007E3A9B /* XCRemoteSwiftPackageReference "MessageKit" */ = {
			isa = XCRemoteSwiftPackageReference;
			repositoryURL = "https://github.com/MessageKit/MessageKit";
			requirement = {
				kind = upToNextMajorVersion;
				minimumVersion = 4.2.0;
			};
		};
/* End XCRemoteSwiftPackageReference section */

/* Begin XCSwiftPackageProductDependency section */
		34BFBDF22C96841900F6B1BA /* CSQLiteVec */ = {
			isa = XCSwiftPackageProductDependency;
			package = 34BFBDF12C96841900F6B1BA /* XCRemoteSwiftPackageReference "SQLiteVec" */;
			productName = CSQLiteVec;
		};
		34BFBDF42C96841900F6B1BA /* SQLiteVec */ = {
			isa = XCSwiftPackageProductDependency;
			package = 34BFBDF12C96841900F6B1BA /* XCRemoteSwiftPackageReference "SQLiteVec" */;
			productName = SQLiteVec;
		};
		34E6704F2C9816A000BD8DA8 /* Yams */ = {
			isa = XCSwiftPackageProductDependency;
			package = 34E6704E2C9816A000BD8DA8 /* XCRemoteSwiftPackageReference "Yams" */;
			productName = Yams;
		};
		BFC1EE9B2C9C1EB1007E3A9B /* MessageKit */ = {
			isa = XCSwiftPackageProductDependency;
			package = BFC1EE9A2C9C1EB1007E3A9B /* XCRemoteSwiftPackageReference "MessageKit" */;
			productName = MessageKit;
		};
/* End XCSwiftPackageProductDependency section */

/* Begin XCVersionGroup section */
		BF2958B72C94349B00413B2A /* HackAichi2024.xcdatamodeld */ = {
			isa = XCVersionGroup;
			children = (
				BF2958B82C94349B00413B2A /* HackAichi2024.xcdatamodel */,
			);
			currentVersion = BF2958B82C94349B00413B2A /* HackAichi2024.xcdatamodel */;
			path = HackAichi2024.xcdatamodeld;
			sourceTree = "<group>";
			versionGroupType = wrapper.xcdatamodel;
		};
/* End XCVersionGroup section */
	};
	rootObject = BF2958A32C94349B00413B2A /* Project object */;
}
